// !$*UTF8*$!
{
	archiveVersion = 1;
	classes = {
	};
	objectVersion = 46;
	objects = {

/* Begin PBXBuildFile section */
		5F035CDF15231D2200271AD2 /* 36.JPG in Resources */ = {isa = PBXBuildFile; fileRef = 5F035CBB15231D2200271AD2 /* 36.JPG */; };
		5F035CE015231D2200271AD2 /* 35.JPG in Resources */ = {isa = PBXBuildFile; fileRef = 5F035CBC15231D2200271AD2 /* 35.JPG */; };
		5F035CE115231D2200271AD2 /* 34.JPG in Resources */ = {isa = PBXBuildFile; fileRef = 5F035CBD15231D2200271AD2 /* 34.JPG */; };
		5F035CE215231D2200271AD2 /* 33.JPG in Resources */ = {isa = PBXBuildFile; fileRef = 5F035CBE15231D2200271AD2 /* 33.JPG */; };
		5F035CE315231D2200271AD2 /* 32.JPG in Resources */ = {isa = PBXBuildFile; fileRef = 5F035CBF15231D2200271AD2 /* 32.JPG */; };
		5F035CE415231D2200271AD2 /* 31.JPG in Resources */ = {isa = PBXBuildFile; fileRef = 5F035CC015231D2200271AD2 /* 31.JPG */; };
		5F035CE515231D2200271AD2 /* 30.JPG in Resources */ = {isa = PBXBuildFile; fileRef = 5F035CC115231D2200271AD2 /* 30.JPG */; };
		5F035CE615231D2200271AD2 /* 29.JPG in Resources */ = {isa = PBXBuildFile; fileRef = 5F035CC215231D2200271AD2 /* 29.JPG */; };
		5F035CE715231D2200271AD2 /* 28.JPG in Resources */ = {isa = PBXBuildFile; fileRef = 5F035CC315231D2200271AD2 /* 28.JPG */; };
		5F035CE815231D2200271AD2 /* 27.JPG in Resources */ = {isa = PBXBuildFile; fileRef = 5F035CC415231D2200271AD2 /* 27.JPG */; };
		5F035CE915231D2200271AD2 /* 26.JPG in Resources */ = {isa = PBXBuildFile; fileRef = 5F035CC515231D2200271AD2 /* 26.JPG */; };
		5F035CEA15231D2200271AD2 /* 25.JPG in Resources */ = {isa = PBXBuildFile; fileRef = 5F035CC615231D2200271AD2 /* 25.JPG */; };
		5F035CEB15231D2200271AD2 /* 24.JPG in Resources */ = {isa = PBXBuildFile; fileRef = 5F035CC715231D2200271AD2 /* 24.JPG */; };
		5F035CEC15231D2200271AD2 /* 23.JPG in Resources */ = {isa = PBXBuildFile; fileRef = 5F035CC815231D2200271AD2 /* 23.JPG */; };
		5F035CED15231D2200271AD2 /* 22.JPG in Resources */ = {isa = PBXBuildFile; fileRef = 5F035CC915231D2200271AD2 /* 22.JPG */; };
		5F035CEE15231D2200271AD2 /* 21.JPG in Resources */ = {isa = PBXBuildFile; fileRef = 5F035CCA15231D2200271AD2 /* 21.JPG */; };
		5F035CEF15231D2200271AD2 /* 20.JPG in Resources */ = {isa = PBXBuildFile; fileRef = 5F035CCB15231D2200271AD2 /* 20.JPG */; };
		5F035CF015231D2200271AD2 /* 19.JPG in Resources */ = {isa = PBXBuildFile; fileRef = 5F035CCC15231D2200271AD2 /* 19.JPG */; };
		5F035CF115231D2200271AD2 /* 3.JPG in Resources */ = {isa = PBXBuildFile; fileRef = 5F035CCD15231D2200271AD2 /* 3.JPG */; };
		5F035CF215231D2200271AD2 /* 13.JPG in Resources */ = {isa = PBXBuildFile; fileRef = 5F035CCE15231D2200271AD2 /* 13.JPG */; };
		5F035CF315231D2200271AD2 /* 18.JPG in Resources */ = {isa = PBXBuildFile; fileRef = 5F035CCF15231D2200271AD2 /* 18.JPG */; };
		5F035CF415231D2200271AD2 /* 17.JPG in Resources */ = {isa = PBXBuildFile; fileRef = 5F035CD015231D2200271AD2 /* 17.JPG */; };
		5F035CF515231D2200271AD2 /* 16.JPG in Resources */ = {isa = PBXBuildFile; fileRef = 5F035CD115231D2200271AD2 /* 16.JPG */; };
		5F035CF615231D2200271AD2 /* 15.JPG in Resources */ = {isa = PBXBuildFile; fileRef = 5F035CD215231D2200271AD2 /* 15.JPG */; };
		5F035CF715231D2200271AD2 /* 14.JPG in Resources */ = {isa = PBXBuildFile; fileRef = 5F035CD315231D2200271AD2 /* 14.JPG */; };
		5F035CF815231D2200271AD2 /* 12.JPG in Resources */ = {isa = PBXBuildFile; fileRef = 5F035CD415231D2200271AD2 /* 12.JPG */; };
		5F035CF915231D2200271AD2 /* 11.JPG in Resources */ = {isa = PBXBuildFile; fileRef = 5F035CD515231D2200271AD2 /* 11.JPG */; };
		5F035CFA15231D2200271AD2 /* 10.JPG in Resources */ = {isa = PBXBuildFile; fileRef = 5F035CD615231D2200271AD2 /* 10.JPG */; };
		5F035CFB15231D2200271AD2 /* 9.JPG in Resources */ = {isa = PBXBuildFile; fileRef = 5F035CD715231D2200271AD2 /* 9.JPG */; };
		5F035CFC15231D2200271AD2 /* 8.JPG in Resources */ = {isa = PBXBuildFile; fileRef = 5F035CD815231D2200271AD2 /* 8.JPG */; };
		5F035CFD15231D2200271AD2 /* 7.JPG in Resources */ = {isa = PBXBuildFile; fileRef = 5F035CD915231D2200271AD2 /* 7.JPG */; };
		5F035CFE15231D2200271AD2 /* 6.JPG in Resources */ = {isa = PBXBuildFile; fileRef = 5F035CDA15231D2200271AD2 /* 6.JPG */; };
		5F035CFF15231D2200271AD2 /* 5.JPG in Resources */ = {isa = PBXBuildFile; fileRef = 5F035CDB15231D2200271AD2 /* 5.JPG */; };
		5F035D0015231D2200271AD2 /* 4.JPG in Resources */ = {isa = PBXBuildFile; fileRef = 5F035CDC15231D2200271AD2 /* 4.JPG */; };
		5F035D0115231D2200271AD2 /* 2.JPG in Resources */ = {isa = PBXBuildFile; fileRef = 5F035CDD15231D2200271AD2 /* 2.JPG */; };
		5F035D0215231D2200271AD2 /* 1.JPG in Resources */ = {isa = PBXBuildFile; fileRef = 5F035CDE15231D2200271AD2 /* 1.JPG */; };
		5F3119D8152060F700CD0F74 /* UIKit.framework in Frameworks */ = {isa = PBXBuildFile; fileRef = 5F3119D7152060F700CD0F74 /* UIKit.framework */; };
		5F3119DA152060F700CD0F74 /* Foundation.framework in Frameworks */ = {isa = PBXBuildFile; fileRef = 5F3119D9152060F700CD0F74 /* Foundation.framework */; };
		5F3119DC152060F700CD0F74 /* CoreGraphics.framework in Frameworks */ = {isa = PBXBuildFile; fileRef = 5F3119DB152060F700CD0F74 /* CoreGraphics.framework */; };
		5F3119E2152060F700CD0F74 /* InfoPlist.strings in Resources */ = {isa = PBXBuildFile; fileRef = 5F3119E0152060F700CD0F74 /* InfoPlist.strings */; };
		5F3119E4152060F700CD0F74 /* main.m in Sources */ = {isa = PBXBuildFile; fileRef = 5F3119E3152060F700CD0F74 /* main.m */; };
		5F3119E8152060F700CD0F74 /* AppDelegate.m in Sources */ = {isa = PBXBuildFile; fileRef = 5F3119E7152060F700CD0F74 /* AppDelegate.m */; };
		5F3119F0152060F700CD0F74 /* SenTestingKit.framework in Frameworks */ = {isa = PBXBuildFile; fileRef = 5F3119EF152060F700CD0F74 /* SenTestingKit.framework */; };
		5F3119F1152060F700CD0F74 /* UIKit.framework in Frameworks */ = {isa = PBXBuildFile; fileRef = 5F3119D7152060F700CD0F74 /* UIKit.framework */; };
		5F3119F2152060F700CD0F74 /* Foundation.framework in Frameworks */ = {isa = PBXBuildFile; fileRef = 5F3119D9152060F700CD0F74 /* Foundation.framework */; };
		5F3119FA152060F700CD0F74 /* InfoPlist.strings in Resources */ = {isa = PBXBuildFile; fileRef = 5F3119F8152060F700CD0F74 /* InfoPlist.strings */; };
		5F3119FD152060F800CD0F74 /* boxListTests.m in Sources */ = {isa = PBXBuildFile; fileRef = 5F3119FC152060F800CD0F74 /* boxListTests.m */; };
		5F311A091520616C00CD0F74 /* BLRootViewController.m in Sources */ = {isa = PBXBuildFile; fileRef = 5F311A081520616C00CD0F74 /* BLRootViewController.m */; };
		5F311A111520622900CD0F74 /* MTMatrixListView.m in Sources */ = {isa = PBXBuildFile; fileRef = 5F311A101520622900CD0F74 /* MTMatrixListView.m */; };
		5F311A14152071F900CD0F74 /* MTMatrixViewCell.m in Sources */ = {isa = PBXBuildFile; fileRef = 5F311A13152071F900CD0F74 /* MTMatrixViewCell.m */; };
		5F8606DE1523091D0002BD57 /* MTSubMatrixCell.m in Sources */ = {isa = PBXBuildFile; fileRef = 5F8606DD1523091D0002BD57 /* MTSubMatrixCell.m */; };
		5FBA888315215C1F00ECF3FA /* MTNavigationController.m in Sources */ = {isa = PBXBuildFile; fileRef = 5FBA888015215C1F00ECF3FA /* MTNavigationController.m */; };
		5FBA888415215C1F00ECF3FA /* MTNavigationManager.m in Sources */ = {isa = PBXBuildFile; fileRef = 5FBA888215215C1F00ECF3FA /* MTNavigationManager.m */; };
		5FBA888B15215C3700ECF3FA /* OACallBack.m in Sources */ = {isa = PBXBuildFile; fileRef = 5FBA888715215C3700ECF3FA /* OACallBack.m */; };
		5FBA888C15215C3700ECF3FA /* OAAnimation.m in Sources */ = {isa = PBXBuildFile; fileRef = 5FBA888A15215C3700ECF3FA /* OAAnimation.m */; };
		5FBA889315215C5400ECF3FA /* UIImage+MTResize.m in Sources */ = {isa = PBXBuildFile; fileRef = 5FBA888F15215C5400ECF3FA /* UIImage+MTResize.m */; };
		5FBA889415215C5400ECF3FA /* MTSource.m in Sources */ = {isa = PBXBuildFile; fileRef = 5FBA889215215C5400ECF3FA /* MTSource.m */; };
		5FBA889815215C6400ECF3FA /* MTLogger.m in Sources */ = {isa = PBXBuildFile; fileRef = 5FBA889715215C6400ECF3FA /* MTLogger.m */; };
		5FBA889C15215C7F00ECF3FA /* CustomNavigateBar.m in Sources */ = {isa = PBXBuildFile; fileRef = 5FBA889B15215C7F00ECF3FA /* CustomNavigateBar.m */; };
		5FBA88A21521645500ECF3FA /* QuartzCore.framework in Frameworks */ = {isa = PBXBuildFile; fileRef = 5FBA88A11521645500ECF3FA /* QuartzCore.framework */; };
		5FBF75D11521BF8B00411178 /* MTMatrixTools.m in Sources */ = {isa = PBXBuildFile; fileRef = 5FBF75D01521BF8B00411178 /* MTMatrixTools.m */; };
/* End PBXBuildFile section */

/* Begin PBXContainerItemProxy section */
		5F3119F3152060F700CD0F74 /* PBXContainerItemProxy */ = {
			isa = PBXContainerItemProxy;
			containerPortal = 5F3119CA152060F700CD0F74 /* Project object */;
			proxyType = 1;
			remoteGlobalIDString = 5F3119D2152060F700CD0F74;
			remoteInfo = boxList;
		};
/* End PBXContainerItemProxy section */

/* Begin PBXFileReference section */
		5F035CBB15231D2200271AD2 /* 36.JPG */ = {isa = PBXFileReference; lastKnownFileType = image.jpeg; path = 36.JPG; sourceTree = "<group>"; };
		5F035CBC15231D2200271AD2 /* 35.JPG */ = {isa = PBXFileReference; lastKnownFileType = image.jpeg; path = 35.JPG; sourceTree = "<group>"; };
		5F035CBD15231D2200271AD2 /* 34.JPG */ = {isa = PBXFileReference; lastKnownFileType = image.jpeg; path = 34.JPG; sourceTree = "<group>"; };
		5F035CBE15231D2200271AD2 /* 33.JPG */ = {isa = PBXFileReference; lastKnownFileType = image.jpeg; path = 33.JPG; sourceTree = "<group>"; };
		5F035CBF15231D2200271AD2 /* 32.JPG */ = {isa = PBXFileReference; lastKnownFileType = image.jpeg; path = 32.JPG; sourceTree = "<group>"; };
		5F035CC015231D2200271AD2 /* 31.JPG */ = {isa = PBXFileReference; lastKnownFileType = image.jpeg; path = 31.JPG; sourceTree = "<group>"; };
		5F035CC115231D2200271AD2 /* 30.JPG */ = {isa = PBXFileReference; lastKnownFileType = image.jpeg; path = 30.JPG; sourceTree = "<group>"; };
		5F035CC215231D2200271AD2 /* 29.JPG */ = {isa = PBXFileReference; lastKnownFileType = image.jpeg; path = 29.JPG; sourceTree = "<group>"; };
		5F035CC315231D2200271AD2 /* 28.JPG */ = {isa = PBXFileReference; lastKnownFileType = image.jpeg; path = 28.JPG; sourceTree = "<group>"; };
		5F035CC415231D2200271AD2 /* 27.JPG */ = {isa = PBXFileReference; lastKnownFileType = image.jpeg; path = 27.JPG; sourceTree = "<group>"; };
		5F035CC515231D2200271AD2 /* 26.JPG */ = {isa = PBXFileReference; lastKnownFileType = image.jpeg; path = 26.JPG; sourceTree = "<group>"; };
		5F035CC615231D2200271AD2 /* 25.JPG */ = {isa = PBXFileReference; lastKnownFileType = image.jpeg; path = 25.JPG; sourceTree = "<group>"; };
		5F035CC715231D2200271AD2 /* 24.JPG */ = {isa = PBXFileReference; lastKnownFileType = image.jpeg; path = 24.JPG; sourceTree = "<group>"; };
		5F035CC815231D2200271AD2 /* 23.JPG */ = {isa = PBXFileReference; lastKnownFileType = image.jpeg; path = 23.JPG; sourceTree = "<group>"; };
		5F035CC915231D2200271AD2 /* 22.JPG */ = {isa = PBXFileReference; lastKnownFileType = image.jpeg; path = 22.JPG; sourceTree = "<group>"; };
		5F035CCA15231D2200271AD2 /* 21.JPG */ = {isa = PBXFileReference; lastKnownFileType = image.jpeg; path = 21.JPG; sourceTree = "<group>"; };
		5F035CCB15231D2200271AD2 /* 20.JPG */ = {isa = PBXFileReference; lastKnownFileType = image.jpeg; path = 20.JPG; sourceTree = "<group>"; };
		5F035CCC15231D2200271AD2 /* 19.JPG */ = {isa = PBXFileReference; lastKnownFileType = image.jpeg; path = 19.JPG; sourceTree = "<group>"; };
		5F035CCD15231D2200271AD2 /* 3.JPG */ = {isa = PBXFileReference; lastKnownFileType = image.jpeg; path = 3.JPG; sourceTree = "<group>"; };
		5F035CCE15231D2200271AD2 /* 13.JPG */ = {isa = PBXFileReference; lastKnownFileType = image.jpeg; path = 13.JPG; sourceTree = "<group>"; };
		5F035CCF15231D2200271AD2 /* 18.JPG */ = {isa = PBXFileReference; lastKnownFileType = image.jpeg; path = 18.JPG; sourceTree = "<group>"; };
		5F035CD015231D2200271AD2 /* 17.JPG */ = {isa = PBXFileReference; lastKnownFileType = image.jpeg; path = 17.JPG; sourceTree = "<group>"; };
		5F035CD115231D2200271AD2 /* 16.JPG */ = {isa = PBXFileReference; lastKnownFileType = image.jpeg; path = 16.JPG; sourceTree = "<group>"; };
		5F035CD215231D2200271AD2 /* 15.JPG */ = {isa = PBXFileReference; lastKnownFileType = image.jpeg; path = 15.JPG; sourceTree = "<group>"; };
		5F035CD315231D2200271AD2 /* 14.JPG */ = {isa = PBXFileReference; lastKnownFileType = image.jpeg; path = 14.JPG; sourceTree = "<group>"; };
		5F035CD415231D2200271AD2 /* 12.JPG */ = {isa = PBXFileReference; lastKnownFileType = image.jpeg; path = 12.JPG; sourceTree = "<group>"; };
		5F035CD515231D2200271AD2 /* 11.JPG */ = {isa = PBXFileReference; lastKnownFileType = image.jpeg; path = 11.JPG; sourceTree = "<group>"; };
		5F035CD615231D2200271AD2 /* 10.JPG */ = {isa = PBXFileReference; lastKnownFileType = image.jpeg; path = 10.JPG; sourceTree = "<group>"; };
		5F035CD715231D2200271AD2 /* 9.JPG */ = {isa = PBXFileReference; lastKnownFileType = image.jpeg; path = 9.JPG; sourceTree = "<group>"; };
		5F035CD815231D2200271AD2 /* 8.JPG */ = {isa = PBXFileReference; lastKnownFileType = image.jpeg; path = 8.JPG; sourceTree = "<group>"; };
		5F035CD915231D2200271AD2 /* 7.JPG */ = {isa = PBXFileReference; lastKnownFileType = image.jpeg; path = 7.JPG; sourceTree = "<group>"; };
		5F035CDA15231D2200271AD2 /* 6.JPG */ = {isa = PBXFileReference; lastKnownFileType = image.jpeg; path = 6.JPG; sourceTree = "<group>"; };
		5F035CDB15231D2200271AD2 /* 5.JPG */ = {isa = PBXFileReference; lastKnownFileType = image.jpeg; path = 5.JPG; sourceTree = "<group>"; };
		5F035CDC15231D2200271AD2 /* 4.JPG */ = {isa = PBXFileReference; lastKnownFileType = image.jpeg; path = 4.JPG; sourceTree = "<group>"; };
		5F035CDD15231D2200271AD2 /* 2.JPG */ = {isa = PBXFileReference; lastKnownFileType = image.jpeg; path = 2.JPG; sourceTree = "<group>"; };
		5F035CDE15231D2200271AD2 /* 1.JPG */ = {isa = PBXFileReference; lastKnownFileType = image.jpeg; path = 1.JPG; sourceTree = "<group>"; };
		5F3119D3152060F700CD0F74 /* boxList.app */ = {isa = PBXFileReference; explicitFileType = wrapper.application; includeInIndex = 0; path = boxList.app; sourceTree = BUILT_PRODUCTS_DIR; };
		5F3119D7152060F700CD0F74 /* UIKit.framework */ = {isa = PBXFileReference; lastKnownFileType = wrapper.framework; name = UIKit.framework; path = System/Library/Frameworks/UIKit.framework; sourceTree = SDKROOT; };
		5F3119D9152060F700CD0F74 /* Foundation.framework */ = {isa = PBXFileReference; lastKnownFileType = wrapper.framework; name = Foundation.framework; path = System/Library/Frameworks/Foundation.framework; sourceTree = SDKROOT; };
		5F3119DB152060F700CD0F74 /* CoreGraphics.framework */ = {isa = PBXFileReference; lastKnownFileType = wrapper.framework; name = CoreGraphics.framework; path = System/Library/Frameworks/CoreGraphics.framework; sourceTree = SDKROOT; };
		5F3119DF152060F700CD0F74 /* boxList-Info.plist */ = {isa = PBXFileReference; lastKnownFileType = text.plist.xml; path = "boxList-Info.plist"; sourceTree = "<group>"; };
		5F3119E1152060F700CD0F74 /* en */ = {isa = PBXFileReference; lastKnownFileType = text.plist.strings; name = en; path = en.lproj/InfoPlist.strings; sourceTree = "<group>"; };
		5F3119E3152060F700CD0F74 /* main.m */ = {isa = PBXFileReference; lastKnownFileType = sourcecode.c.objc; path = main.m; sourceTree = "<group>"; };
		5F3119E5152060F700CD0F74 /* boxList-Prefix.pch */ = {isa = PBXFileReference; lastKnownFileType = sourcecode.c.h; path = "boxList-Prefix.pch"; sourceTree = "<group>"; };
		5F3119E6152060F700CD0F74 /* AppDelegate.h */ = {isa = PBXFileReference; lastKnownFileType = sourcecode.c.h; path = AppDelegate.h; sourceTree = "<group>"; };
		5F3119E7152060F700CD0F74 /* AppDelegate.m */ = {isa = PBXFileReference; lastKnownFileType = sourcecode.c.objc; path = AppDelegate.m; sourceTree = "<group>"; };
		5F3119EE152060F700CD0F74 /* boxListTests.octest */ = {isa = PBXFileReference; explicitFileType = wrapper.cfbundle; includeInIndex = 0; path = boxListTests.octest; sourceTree = BUILT_PRODUCTS_DIR; };
		5F3119EF152060F700CD0F74 /* SenTestingKit.framework */ = {isa = PBXFileReference; lastKnownFileType = wrapper.framework; name = SenTestingKit.framework; path = Library/Frameworks/SenTestingKit.framework; sourceTree = DEVELOPER_DIR; };
		5F3119F7152060F700CD0F74 /* boxListTests-Info.plist */ = {isa = PBXFileReference; lastKnownFileType = text.plist.xml; path = "boxListTests-Info.plist"; sourceTree = "<group>"; };
		5F3119F9152060F700CD0F74 /* en */ = {isa = PBXFileReference; lastKnownFileType = text.plist.strings; name = en; path = en.lproj/InfoPlist.strings; sourceTree = "<group>"; };
		5F3119FB152060F800CD0F74 /* boxListTests.h */ = {isa = PBXFileReference; lastKnownFileType = sourcecode.c.h; path = boxListTests.h; sourceTree = "<group>"; };
		5F3119FC152060F800CD0F74 /* boxListTests.m */ = {isa = PBXFileReference; lastKnownFileType = sourcecode.c.objc; path = boxListTests.m; sourceTree = "<group>"; };
		5F311A071520616C00CD0F74 /* BLRootViewController.h */ = {isa = PBXFileReference; fileEncoding = 4; lastKnownFileType = sourcecode.c.h; path = BLRootViewController.h; sourceTree = "<group>"; };
		5F311A081520616C00CD0F74 /* BLRootViewController.m */ = {isa = PBXFileReference; fileEncoding = 4; lastKnownFileType = sourcecode.c.objc; path = BLRootViewController.m; sourceTree = "<group>"; };
		5F311A0F1520622900CD0F74 /* MTMatrixListView.h */ = {isa = PBXFileReference; fileEncoding = 4; lastKnownFileType = sourcecode.c.h; path = MTMatrixListView.h; sourceTree = "<group>"; };
		5F311A101520622900CD0F74 /* MTMatrixListView.m */ = {isa = PBXFileReference; fileEncoding = 4; lastKnownFileType = sourcecode.c.objc; path = MTMatrixListView.m; sourceTree = "<group>"; };
		5F311A12152071F900CD0F74 /* MTMatrixViewCell.h */ = {isa = PBXFileReference; fileEncoding = 4; lastKnownFileType = sourcecode.c.h; path = MTMatrixViewCell.h; sourceTree = "<group>"; };
		5F311A13152071F900CD0F74 /* MTMatrixViewCell.m */ = {isa = PBXFileReference; fileEncoding = 4; lastKnownFileType = sourcecode.c.objc; path = MTMatrixViewCell.m; sourceTree = "<group>"; };
		5F8606DC1523091D0002BD57 /* MTSubMatrixCell.h */ = {isa = PBXFileReference; fileEncoding = 4; lastKnownFileType = sourcecode.c.h; path = MTSubMatrixCell.h; sourceTree = "<group>"; };
		5F8606DD1523091D0002BD57 /* MTSubMatrixCell.m */ = {isa = PBXFileReference; fileEncoding = 4; lastKnownFileType = sourcecode.c.objc; path = MTSubMatrixCell.m; sourceTree = "<group>"; };
		5FBA887F15215C1F00ECF3FA /* MTNavigationController.h */ = {isa = PBXFileReference; fileEncoding = 4; lastKnownFileType = sourcecode.c.h; path = MTNavigationController.h; sourceTree = "<group>"; };
		5FBA888015215C1F00ECF3FA /* MTNavigationController.m */ = {isa = PBXFileReference; fileEncoding = 4; lastKnownFileType = sourcecode.c.objc; path = MTNavigationController.m; sourceTree = "<group>"; };
		5FBA888115215C1F00ECF3FA /* MTNavigationManager.h */ = {isa = PBXFileReference; fileEncoding = 4; lastKnownFileType = sourcecode.c.h; path = MTNavigationManager.h; sourceTree = "<group>"; };
		5FBA888215215C1F00ECF3FA /* MTNavigationManager.m */ = {isa = PBXFileReference; fileEncoding = 4; lastKnownFileType = sourcecode.c.objc; path = MTNavigationManager.m; sourceTree = "<group>"; };
		5FBA888615215C3700ECF3FA /* OACallBack.h */ = {isa = PBXFileReference; fileEncoding = 4; lastKnownFileType = sourcecode.c.h; path = OACallBack.h; sourceTree = "<group>"; };
		5FBA888715215C3700ECF3FA /* OACallBack.m */ = {isa = PBXFileReference; fileEncoding = 4; lastKnownFileType = sourcecode.c.objc; path = OACallBack.m; sourceTree = "<group>"; };
		5FBA888915215C3700ECF3FA /* OAAnimation.h */ = {isa = PBXFileReference; fileEncoding = 4; lastKnownFileType = sourcecode.c.h; path = OAAnimation.h; sourceTree = "<group>"; };
		5FBA888A15215C3700ECF3FA /* OAAnimation.m */ = {isa = PBXFileReference; fileEncoding = 4; lastKnownFileType = sourcecode.c.objc; path = OAAnimation.m; sourceTree = "<group>"; };
		5FBA888E15215C5400ECF3FA /* UIImage+MTResize.h */ = {isa = PBXFileReference; fileEncoding = 4; lastKnownFileType = sourcecode.c.h; path = "UIImage+MTResize.h"; sourceTree = "<group>"; };
		5FBA888F15215C5400ECF3FA /* UIImage+MTResize.m */ = {isa = PBXFileReference; fileEncoding = 4; lastKnownFileType = sourcecode.c.objc; path = "UIImage+MTResize.m"; sourceTree = "<group>"; };
		5FBA889115215C5400ECF3FA /* MTSource.h */ = {isa = PBXFileReference; fileEncoding = 4; lastKnownFileType = sourcecode.c.h; path = MTSource.h; sourceTree = "<group>"; };
		5FBA889215215C5400ECF3FA /* MTSource.m */ = {isa = PBXFileReference; fileEncoding = 4; lastKnownFileType = sourcecode.c.objc; path = MTSource.m; sourceTree = "<group>"; };
		5FBA889615215C6400ECF3FA /* MTLogger.h */ = {isa = PBXFileReference; fileEncoding = 4; lastKnownFileType = sourcecode.c.h; path = MTLogger.h; sourceTree = "<group>"; };
		5FBA889715215C6400ECF3FA /* MTLogger.m */ = {isa = PBXFileReference; fileEncoding = 4; lastKnownFileType = sourcecode.c.objc; path = MTLogger.m; sourceTree = "<group>"; };
		5FBA889A15215C7F00ECF3FA /* CustomNavigateBar.h */ = {isa = PBXFileReference; fileEncoding = 4; lastKnownFileType = sourcecode.c.h; path = CustomNavigateBar.h; sourceTree = "<group>"; };
		5FBA889B15215C7F00ECF3FA /* CustomNavigateBar.m */ = {isa = PBXFileReference; fileEncoding = 4; lastKnownFileType = sourcecode.c.objc; path = CustomNavigateBar.m; sourceTree = "<group>"; };
		5FBA88A11521645500ECF3FA /* QuartzCore.framework */ = {isa = PBXFileReference; lastKnownFileType = wrapper.framework; name = QuartzCore.framework; path = System/Library/Frameworks/QuartzCore.framework; sourceTree = SDKROOT; };
		5FBF75CF1521BF8B00411178 /* MTMatrixTools.h */ = {isa = PBXFileReference; fileEncoding = 4; lastKnownFileType = sourcecode.c.h; path = MTMatrixTools.h; sourceTree = "<group>"; };
		5FBF75D01521BF8B00411178 /* MTMatrixTools.m */ = {isa = PBXFileReference; fileEncoding = 4; lastKnownFileType = sourcecode.c.objc; path = MTMatrixTools.m; sourceTree = "<group>"; };
/* End PBXFileReference section */

/* Begin PBXFrameworksBuildPhase section */
		5F3119D0152060F700CD0F74 /* Frameworks */ = {
			isa = PBXFrameworksBuildPhase;
			buildActionMask = 2147483647;
			files = (
				5FBA88A21521645500ECF3FA /* QuartzCore.framework in Frameworks */,
				5F3119D8152060F700CD0F74 /* UIKit.framework in Frameworks */,
				5F3119DA152060F700CD0F74 /* Foundation.framework in Frameworks */,
				5F3119DC152060F700CD0F74 /* CoreGraphics.framework in Frameworks */,
			);
			runOnlyForDeploymentPostprocessing = 0;
		};
		5F3119EA152060F700CD0F74 /* Frameworks */ = {
			isa = PBXFrameworksBuildPhase;
			buildActionMask = 2147483647;
			files = (
				5F3119F0152060F700CD0F74 /* SenTestingKit.framework in Frameworks */,
				5F3119F1152060F700CD0F74 /* UIKit.framework in Frameworks */,
				5F3119F2152060F700CD0F74 /* Foundation.framework in Frameworks */,
			);
			runOnlyForDeploymentPostprocessing = 0;
		};
/* End PBXFrameworksBuildPhase section */

/* Begin PBXGroup section */
		5F3119C8152060F700CD0F74 = {
			isa = PBXGroup;
			children = (
				5F3119DD152060F700CD0F74 /* boxList */,
				5F3119F5152060F700CD0F74 /* boxListTests */,
				5F3119D6152060F700CD0F74 /* Frameworks */,
				5F3119D4152060F700CD0F74 /* Products */,
			);
			sourceTree = "<group>";
		};
		5F3119D4152060F700CD0F74 /* Products */ = {
			isa = PBXGroup;
			children = (
				5F3119D3152060F700CD0F74 /* boxList.app */,
				5F3119EE152060F700CD0F74 /* boxListTests.octest */,
			);
			name = Products;
			sourceTree = "<group>";
		};
		5F3119D6152060F700CD0F74 /* Frameworks */ = {
			isa = PBXGroup;
			children = (
				5FBA88A11521645500ECF3FA /* QuartzCore.framework */,
				5F3119D7152060F700CD0F74 /* UIKit.framework */,
				5F3119D9152060F700CD0F74 /* Foundation.framework */,
				5F3119DB152060F700CD0F74 /* CoreGraphics.framework */,
				5F3119EF152060F700CD0F74 /* SenTestingKit.framework */,
			);
			name = Frameworks;
			sourceTree = "<group>";
		};
		5F3119DD152060F700CD0F74 /* boxList */ = {
			isa = PBXGroup;
			children = (
				5F8606B7152308EF0002BD57 /* image */,
				5FBA887C15215C0D00ECF3FA /* MyTools */,
				5F311A0A1520618000CD0F74 /* view */,
				5F311A061520615100CD0F74 /* viewController */,
				5F3119E6152060F700CD0F74 /* AppDelegate.h */,
				5F3119E7152060F700CD0F74 /* AppDelegate.m */,
				5F3119DE152060F700CD0F74 /* Supporting Files */,
			);
			path = boxList;
			sourceTree = "<group>";
		};
		5F3119DE152060F700CD0F74 /* Supporting Files */ = {
			isa = PBXGroup;
			children = (
				5F3119DF152060F700CD0F74 /* boxList-Info.plist */,
				5F3119E0152060F700CD0F74 /* InfoPlist.strings */,
				5F3119E3152060F700CD0F74 /* main.m */,
				5F3119E5152060F700CD0F74 /* boxList-Prefix.pch */,
			);
			name = "Supporting Files";
			sourceTree = "<group>";
		};
		5F3119F5152060F700CD0F74 /* boxListTests */ = {
			isa = PBXGroup;
			children = (
				5F3119FB152060F800CD0F74 /* boxListTests.h */,
				5F3119FC152060F800CD0F74 /* boxListTests.m */,
				5F3119F6152060F700CD0F74 /* Supporting Files */,
			);
			path = boxListTests;
			sourceTree = "<group>";
		};
		5F3119F6152060F700CD0F74 /* Supporting Files */ = {
			isa = PBXGroup;
			children = (
				5F3119F7152060F700CD0F74 /* boxListTests-Info.plist */,
				5F3119F8152060F700CD0F74 /* InfoPlist.strings */,
			);
			name = "Supporting Files";
			sourceTree = "<group>";
		};
		5F311A061520615100CD0F74 /* viewController */ = {
			isa = PBXGroup;
			children = (
				5F311A071520616C00CD0F74 /* BLRootViewController.h */,
				5F311A081520616C00CD0F74 /* BLRootViewController.m */,
				5F8606DC1523091D0002BD57 /* MTSubMatrixCell.h */,
				5F8606DD1523091D0002BD57 /* MTSubMatrixCell.m */,
			);
			path = viewController;
			sourceTree = "<group>";
		};
		5F311A0A1520618000CD0F74 /* view */ = {
			isa = PBXGroup;
			children = (
				5F311A0B152061BE00CD0F74 /* MatrixView */,
			);
			path = view;
			sourceTree = "<group>";
		};
		5F311A0B152061BE00CD0F74 /* MatrixView */ = {
			isa = PBXGroup;
			children = (
				5F311A0F1520622900CD0F74 /* MTMatrixListView.h */,
				5F311A101520622900CD0F74 /* MTMatrixListView.m */,
				5F311A12152071F900CD0F74 /* MTMatrixViewCell.h */,
				5F311A13152071F900CD0F74 /* MTMatrixViewCell.m */,
				5FBF75CF1521BF8B00411178 /* MTMatrixTools.h */,
				5FBF75D01521BF8B00411178 /* MTMatrixTools.m */,
			);
			path = MatrixView;
			sourceTree = "<group>";
		};
		5F8606B7152308EF0002BD57 /* image */ = {
			isa = PBXGroup;
			children = (
				5F035CBB15231D2200271AD2 /* 36.JPG */,
				5F035CBC15231D2200271AD2 /* 35.JPG */,
				5F035CBD15231D2200271AD2 /* 34.JPG */,
				5F035CBE15231D2200271AD2 /* 33.JPG */,
				5F035CBF15231D2200271AD2 /* 32.JPG */,
				5F035CC015231D2200271AD2 /* 31.JPG */,
				5F035CC115231D2200271AD2 /* 30.JPG */,
				5F035CC215231D2200271AD2 /* 29.JPG */,
				5F035CC315231D2200271AD2 /* 28.JPG */,
				5F035CC415231D2200271AD2 /* 27.JPG */,
				5F035CC515231D2200271AD2 /* 26.JPG */,
				5F035CC615231D2200271AD2 /* 25.JPG */,
				5F035CC715231D2200271AD2 /* 24.JPG */,
				5F035CC815231D2200271AD2 /* 23.JPG */,
				5F035CC915231D2200271AD2 /* 22.JPG */,
				5F035CCA15231D2200271AD2 /* 21.JPG */,
				5F035CCB15231D2200271AD2 /* 20.JPG */,
				5F035CCC15231D2200271AD2 /* 19.JPG */,
				5F035CCD15231D2200271AD2 /* 3.JPG */,
				5F035CCE15231D2200271AD2 /* 13.JPG */,
				5F035CCF15231D2200271AD2 /* 18.JPG */,
				5F035CD015231D2200271AD2 /* 17.JPG */,
				5F035CD115231D2200271AD2 /* 16.JPG */,
				5F035CD215231D2200271AD2 /* 15.JPG */,
				5F035CD315231D2200271AD2 /* 14.JPG */,
				5F035CD415231D2200271AD2 /* 12.JPG */,
				5F035CD515231D2200271AD2 /* 11.JPG */,
				5F035CD615231D2200271AD2 /* 10.JPG */,
				5F035CD715231D2200271AD2 /* 9.JPG */,
				5F035CD815231D2200271AD2 /* 8.JPG */,
				5F035CD915231D2200271AD2 /* 7.JPG */,
				5F035CDA15231D2200271AD2 /* 6.JPG */,
				5F035CDB15231D2200271AD2 /* 5.JPG */,
				5F035CDC15231D2200271AD2 /* 4.JPG */,
				5F035CDD15231D2200271AD2 /* 2.JPG */,
				5F035CDE15231D2200271AD2 /* 1.JPG */,
			);
			path = image;
			sourceTree = "<group>";
		};
		5FBA887C15215C0D00ECF3FA /* MyTools */ = {
			isa = PBXGroup;
			children = (
				5FBA889915215C7E00ECF3FA /* CustomNavigateBar */,
				5FBA889515215C6400ECF3FA /* logger */,
				5FBA888D15215C5400ECF3FA /* imageUilte */,
				5FBA889015215C5400ECF3FA /* mtsoucres */,
				5FBA888515215C3700ECF3FA /* callback */,
				5FBA888815215C3700ECF3FA /* Animation */,
				5FBA887E15215C1F00ECF3FA /* NavigateManagerEx */,
			);
			path = MyTools;
			sourceTree = "<group>";
		};
		5FBA887E15215C1F00ECF3FA /* NavigateManagerEx */ = {
			isa = PBXGroup;
			children = (
				5FBA887F15215C1F00ECF3FA /* MTNavigationController.h */,
				5FBA888015215C1F00ECF3FA /* MTNavigationController.m */,
				5FBA888115215C1F00ECF3FA /* MTNavigationManager.h */,
				5FBA888215215C1F00ECF3FA /* MTNavigationManager.m */,
			);
			path = NavigateManagerEx;
			sourceTree = "<group>";
		};
		5FBA888515215C3700ECF3FA /* callback */ = {
			isa = PBXGroup;
			children = (
				5FBA888615215C3700ECF3FA /* OACallBack.h */,
				5FBA888715215C3700ECF3FA /* OACallBack.m */,
			);
			path = callback;
			sourceTree = "<group>";
		};
		5FBA888815215C3700ECF3FA /* Animation */ = {
			isa = PBXGroup;
			children = (
				5FBA888915215C3700ECF3FA /* OAAnimation.h */,
				5FBA888A15215C3700ECF3FA /* OAAnimation.m */,
			);
			path = Animation;
			sourceTree = "<group>";
		};
		5FBA888D15215C5400ECF3FA /* imageUilte */ = {
			isa = PBXGroup;
			children = (
				5FBA888E15215C5400ECF3FA /* UIImage+MTResize.h */,
				5FBA888F15215C5400ECF3FA /* UIImage+MTResize.m */,
			);
			path = imageUilte;
			sourceTree = "<group>";
		};
		5FBA889015215C5400ECF3FA /* mtsoucres */ = {
			isa = PBXGroup;
			children = (
				5FBA889115215C5400ECF3FA /* MTSource.h */,
				5FBA889215215C5400ECF3FA /* MTSource.m */,
			);
			path = mtsoucres;
			sourceTree = "<group>";
		};
		5FBA889515215C6400ECF3FA /* logger */ = {
			isa = PBXGroup;
			children = (
				5FBA889615215C6400ECF3FA /* MTLogger.h */,
				5FBA889715215C6400ECF3FA /* MTLogger.m */,
			);
			path = logger;
			sourceTree = "<group>";
		};
		5FBA889915215C7E00ECF3FA /* CustomNavigateBar */ = {
			isa = PBXGroup;
			children = (
				5FBA889A15215C7F00ECF3FA /* CustomNavigateBar.h */,
				5FBA889B15215C7F00ECF3FA /* CustomNavigateBar.m */,
			);
			path = CustomNavigateBar;
			sourceTree = "<group>";
		};
/* End PBXGroup section */

/* Begin PBXNativeTarget section */
		5F3119D2152060F700CD0F74 /* boxList */ = {
			isa = PBXNativeTarget;
			buildConfigurationList = 5F311A00152060F800CD0F74 /* Build configuration list for PBXNativeTarget "boxList" */;
			buildPhases = (
				5F3119CF152060F700CD0F74 /* Sources */,
				5F3119D0152060F700CD0F74 /* Frameworks */,
				5F3119D1152060F700CD0F74 /* Resources */,
			);
			buildRules = (
			);
			dependencies = (
			);
			name = boxList;
			productName = boxList;
			productReference = 5F3119D3152060F700CD0F74 /* boxList.app */;
			productType = "com.apple.product-type.application";
		};
		5F3119ED152060F700CD0F74 /* boxListTests */ = {
			isa = PBXNativeTarget;
			buildConfigurationList = 5F311A03152060F800CD0F74 /* Build configuration list for PBXNativeTarget "boxListTests" */;
			buildPhases = (
				5F3119E9152060F700CD0F74 /* Sources */,
				5F3119EA152060F700CD0F74 /* Frameworks */,
				5F3119EB152060F700CD0F74 /* Resources */,
				5F3119EC152060F700CD0F74 /* ShellScript */,
			);
			buildRules = (
			);
			dependencies = (
				5F3119F4152060F700CD0F74 /* PBXTargetDependency */,
			);
			name = boxListTests;
			productName = boxListTests;
			productReference = 5F3119EE152060F700CD0F74 /* boxListTests.octest */;
			productType = "com.apple.product-type.bundle";
		};
/* End PBXNativeTarget section */

/* Begin PBXProject section */
		5F3119CA152060F700CD0F74 /* Project object */ = {
			isa = PBXProject;
			attributes = {
				LastUpgradeCheck = 0430;
			};
			buildConfigurationList = 5F3119CD152060F700CD0F74 /* Build configuration list for PBXProject "boxList" */;
			compatibilityVersion = "Xcode 3.2";
			developmentRegion = English;
			hasScannedForEncodings = 0;
			knownRegions = (
				en,
			);
			mainGroup = 5F3119C8152060F700CD0F74;
			productRefGroup = 5F3119D4152060F700CD0F74 /* Products */;
			projectDirPath = "";
			projectRoot = "";
			targets = (
				5F3119D2152060F700CD0F74 /* boxList */,
				5F3119ED152060F700CD0F74 /* boxListTests */,
			);
		};
/* End PBXProject section */

/* Begin PBXResourcesBuildPhase section */
		5F3119D1152060F700CD0F74 /* Resources */ = {
			isa = PBXResourcesBuildPhase;
			buildActionMask = 2147483647;
			files = (
				5F3119E2152060F700CD0F74 /* InfoPlist.strings in Resources */,
				5F035CDF15231D2200271AD2 /* 36.JPG in Resources */,
				5F035CE015231D2200271AD2 /* 35.JPG in Resources */,
				5F035CE115231D2200271AD2 /* 34.JPG in Resources */,
				5F035CE215231D2200271AD2 /* 33.JPG in Resources */,
				5F035CE315231D2200271AD2 /* 32.JPG in Resources */,
				5F035CE415231D2200271AD2 /* 31.JPG in Resources */,
				5F035CE515231D2200271AD2 /* 30.JPG in Resources */,
				5F035CE615231D2200271AD2 /* 29.JPG in Resources */,
				5F035CE715231D2200271AD2 /* 28.JPG in Resources */,
				5F035CE815231D2200271AD2 /* 27.JPG in Resources */,
				5F035CE915231D2200271AD2 /* 26.JPG in Resources */,
				5F035CEA15231D2200271AD2 /* 25.JPG in Resources */,
				5F035CEB15231D2200271AD2 /* 24.JPG in Resources */,
				5F035CEC15231D2200271AD2 /* 23.JPG in Resources */,
				5F035CED15231D2200271AD2 /* 22.JPG in Resources */,
				5F035CEE15231D2200271AD2 /* 21.JPG in Resources */,
				5F035CEF15231D2200271AD2 /* 20.JPG in Resources */,
				5F035CF015231D2200271AD2 /* 19.JPG in Resources */,
				5F035CF115231D2200271AD2 /* 3.JPG in Resources */,
				5F035CF215231D2200271AD2 /* 13.JPG in Resources */,
				5F035CF315231D2200271AD2 /* 18.JPG in Resources */,
				5F035CF415231D2200271AD2 /* 17.JPG in Resources */,
				5F035CF515231D2200271AD2 /* 16.JPG in Resources */,
				5F035CF615231D2200271AD2 /* 15.JPG in Resources */,
				5F035CF715231D2200271AD2 /* 14.JPG in Resources */,
				5F035CF815231D2200271AD2 /* 12.JPG in Resources */,
				5F035CF915231D2200271AD2 /* 11.JPG in Resources */,
				5F035CFA15231D2200271AD2 /* 10.JPG in Resources */,
				5F035CFB15231D2200271AD2 /* 9.JPG in Resources */,
				5F035CFC15231D2200271AD2 /* 8.JPG in Resources */,
				5F035CFD15231D2200271AD2 /* 7.JPG in Resources */,
				5F035CFE15231D2200271AD2 /* 6.JPG in Resources */,
				5F035CFF15231D2200271AD2 /* 5.JPG in Resources */,
				5F035D0015231D2200271AD2 /* 4.JPG in Resources */,
				5F035D0115231D2200271AD2 /* 2.JPG in Resources */,
				5F035D0215231D2200271AD2 /* 1.JPG in Resources */,
			);
			runOnlyForDeploymentPostprocessing = 0;
		};
		5F3119EB152060F700CD0F74 /* Resources */ = {
			isa = PBXResourcesBuildPhase;
			buildActionMask = 2147483647;
			files = (
				5F3119FA152060F700CD0F74 /* InfoPlist.strings in Resources */,
			);
			runOnlyForDeploymentPostprocessing = 0;
		};
/* End PBXResourcesBuildPhase section */

/* Begin PBXShellScriptBuildPhase section */
		5F3119EC152060F700CD0F74 /* ShellScript */ = {
			isa = PBXShellScriptBuildPhase;
			buildActionMask = 2147483647;
			files = (
			);
			inputPaths = (
			);
			outputPaths = (
			);
			runOnlyForDeploymentPostprocessing = 0;
			shellPath = /bin/sh;
			shellScript = "# Run the unit tests in this test bundle.\n\"${SYSTEM_DEVELOPER_DIR}/Tools/RunUnitTests\"\n";
		};
/* End PBXShellScriptBuildPhase section */

/* Begin PBXSourcesBuildPhase section */
		5F3119CF152060F700CD0F74 /* Sources */ = {
			isa = PBXSourcesBuildPhase;
			buildActionMask = 2147483647;
			files = (
				5F3119E4152060F700CD0F74 /* main.m in Sources */,
				5F3119E8152060F700CD0F74 /* AppDelegate.m in Sources */,
				5F311A091520616C00CD0F74 /* BLRootViewController.m in Sources */,
				5F311A111520622900CD0F74 /* MTMatrixListView.m in Sources */,
				5F311A14152071F900CD0F74 /* MTMatrixViewCell.m in Sources */,
				5FBA888315215C1F00ECF3FA /* MTNavigationController.m in Sources */,
				5FBA888415215C1F00ECF3FA /* MTNavigationManager.m in Sources */,
				5FBA888B15215C3700ECF3FA /* OACallBack.m in Sources */,
				5FBA888C15215C3700ECF3FA /* OAAnimation.m in Sources */,
				5FBA889315215C5400ECF3FA /* UIImage+MTResize.m in Sources */,
				5FBA889415215C5400ECF3FA /* MTSource.m in Sources */,
				5FBA889815215C6400ECF3FA /* MTLogger.m in Sources */,
				5FBA889C15215C7F00ECF3FA /* CustomNavigateBar.m in Sources */,
				5FBF75D11521BF8B00411178 /* MTMatrixTools.m in Sources */,
				5F8606DE1523091D0002BD57 /* MTSubMatrixCell.m in Sources */,
			);
			runOnlyForDeploymentPostprocessing = 0;
		};
		5F3119E9152060F700CD0F74 /* Sources */ = {
			isa = PBXSourcesBuildPhase;
			buildActionMask = 2147483647;
			files = (
				5F3119FD152060F800CD0F74 /* boxListTests.m in Sources */,
			);
			runOnlyForDeploymentPostprocessing = 0;
		};
/* End PBXSourcesBuildPhase section */

/* Begin PBXTargetDependency section */
		5F3119F4152060F700CD0F74 /* PBXTargetDependency */ = {
			isa = PBXTargetDependency;
			target = 5F3119D2152060F700CD0F74 /* boxList */;
			targetProxy = 5F3119F3152060F700CD0F74 /* PBXContainerItemProxy */;
		};
/* End PBXTargetDependency section */

/* Begin PBXVariantGroup section */
		5F3119E0152060F700CD0F74 /* InfoPlist.strings */ = {
			isa = PBXVariantGroup;
			children = (
				5F3119E1152060F700CD0F74 /* en */,
			);
			name = InfoPlist.strings;
			sourceTree = "<group>";
		};
		5F3119F8152060F700CD0F74 /* InfoPlist.strings */ = {
			isa = PBXVariantGroup;
			children = (
				5F3119F9152060F700CD0F74 /* en */,
			);
			name = InfoPlist.strings;
			sourceTree = "<group>";
		};
/* End PBXVariantGroup section */

/* Begin XCBuildConfiguration section */
		5F3119FE152060F800CD0F74 /* Debug */ = {
			isa = XCBuildConfiguration;
			buildSettings = {
				ALWAYS_SEARCH_USER_PATHS = NO;
				ARCHS = "$(ARCHS_STANDARD_32_BIT)";
				"CODE_SIGN_IDENTITY[sdk=iphoneos*]" = "iPhone Developer";
				COPY_PHASE_STRIP = NO;
				GCC_C_LANGUAGE_STANDARD = gnu99;
				GCC_DYNAMIC_NO_PIC = NO;
				GCC_OPTIMIZATION_LEVEL = 0;
				GCC_PREPROCESSOR_DEFINITIONS = (
					"DEBUG=1",
					"$(inherited)",
				);
				GCC_SYMBOLS_PRIVATE_EXTERN = NO;
				GCC_VERSION = com.apple.compilers.llvm.clang.1_0;
				GCC_WARN_ABOUT_RETURN_TYPE = YES;
				GCC_WARN_UNINITIALIZED_AUTOS = YES;
				GCC_WARN_UNUSED_VARIABLE = YES;
				IPHONEOS_DEPLOYMENT_TARGET = 5.0;
				SDKROOT = iphoneos;
				TARGETED_DEVICE_FAMILY = "1,2";
			};
			name = Debug;
		};
		5F3119FF152060F800CD0F74 /* Release */ = {
			isa = XCBuildConfiguration;
			buildSettings = {
				ALWAYS_SEARCH_USER_PATHS = NO;
				ARCHS = "$(ARCHS_STANDARD_32_BIT)";
				"CODE_SIGN_IDENTITY[sdk=iphoneos*]" = "iPhone Developer";
				COPY_PHASE_STRIP = YES;
				GCC_C_LANGUAGE_STANDARD = gnu99;
				GCC_VERSION = com.apple.compilers.llvm.clang.1_0;
				GCC_WARN_ABOUT_RETURN_TYPE = YES;
				GCC_WARN_UNINITIALIZED_AUTOS = YES;
				GCC_WARN_UNUSED_VARIABLE = YES;
				IPHONEOS_DEPLOYMENT_TARGET = 5.0;
				OTHER_CFLAGS = "-DNS_BLOCK_ASSERTIONS=1";
				SDKROOT = iphoneos;
				TARGETED_DEVICE_FAMILY = "1,2";
				VALIDATE_PRODUCT = YES;
			};
			name = Release;
		};
		5F311A01152060F800CD0F74 /* Debug */ = {
			isa = XCBuildConfiguration;
			buildSettings = {
				GCC_PRECOMPILE_PREFIX_HEADER = YES;
				GCC_PREFIX_HEADER = "boxList/boxList-Prefix.pch";
				INFOPLIST_FILE = "boxList/boxList-Info.plist";
				IPHONEOS_DEPLOYMENT_TARGET = 4.0;
				PRODUCT_NAME = "$(TARGET_NAME)";
				WRAPPER_EXTENSION = app;
			};
			name = Debug;
		};
		5F311A02152060F800CD0F74 /* Release */ = {
			isa = XCBuildConfiguration;
			buildSettings = {
				GCC_PRECOMPILE_PREFIX_HEADER = YES;
				GCC_PREFIX_HEADER = "boxList/boxList-Prefix.pch";
				INFOPLIST_FILE = "boxList/boxList-Info.plist";
				IPHONEOS_DEPLOYMENT_TARGET = 4.0;
				PRODUCT_NAME = "$(TARGET_NAME)";
				WRAPPER_EXTENSION = app;
			};
			name = Release;
		};
		5F311A04152060F800CD0F74 /* Debug */ = {
			isa = XCBuildConfiguration;
			buildSettings = {
				BUNDLE_LOADER = "$(BUILT_PRODUCTS_DIR)/boxList.app/boxList";
				FRAMEWORK_SEARCH_PATHS = (
					"$(SDKROOT)/Developer/Library/Frameworks",
					"$(DEVELOPER_LIBRARY_DIR)/Frameworks",
				);
				GCC_PRECOMPILE_PREFIX_HEADER = YES;
				GCC_PREFIX_HEADER = "boxList/boxList-Prefix.pch";
				INFOPLIST_FILE = "boxListTests/boxListTests-Info.plist";
				PRODUCT_NAME = "$(TARGET_NAME)";
				TEST_HOST = "$(BUNDLE_LOADER)";
				WRAPPER_EXTENSION = octest;
			};
			name = Debug;
		};
		5F311A05152060F800CD0F74 /* Release */ = {
			isa = XCBuildConfiguration;
			buildSettings = {
				BUNDLE_LOADER = "$(BUILT_PRODUCTS_DIR)/boxList.app/boxList";
				FRAMEWORK_SEARCH_PATHS = (
					"$(SDKROOT)/Developer/Library/Frameworks",
					"$(DEVELOPER_LIBRARY_DIR)/Frameworks",
				);
				GCC_PRECOMPILE_PREFIX_HEADER = YES;
				GCC_PREFIX_HEADER = "boxList/boxList-Prefix.pch";
				INFOPLIST_FILE = "boxListTests/boxListTests-Info.plist";
				PRODUCT_NAME = "$(TARGET_NAME)";
				TEST_HOST = "$(BUNDLE_LOADER)";
				WRAPPER_EXTENSION = octest;
			};
			name = Release;
		};
/* End XCBuildConfiguration section */

/* Begin XCConfigurationList section */
		5F3119CD152060F700CD0F74 /* Build configuration list for PBXProject "boxList" */ = {
			isa = XCConfigurationList;
			buildConfigurations = (
				5F3119FE152060F800CD0F74 /* Debug */,
				5F3119FF152060F800CD0F74 /* Release */,
			);
			defaultConfigurationIsVisible = 0;
			defaultConfigurationName = Release;
		};
		5F311A00152060F800CD0F74 /* Build configuration list for PBXNativeTarget "boxList" */ = {
			isa = XCConfigurationList;
			buildConfigurations = (
				5F311A01152060F800CD0F74 /* Debug */,
				5F311A02152060F800CD0F74 /* Release */,
			);
			defaultConfigurationIsVisible = 0;
			defaultConfigurationName = Release;
		};
		5F311A03152060F800CD0F74 /* Build configuration list for PBXNativeTarget "boxListTests" */ = {
			isa = XCConfigurationList;
			buildConfigurations = (
				5F311A04152060F800CD0F74 /* Debug */,
				5F311A05152060F800CD0F74 /* Release */,
			);
			defaultConfigurationIsVisible = 0;
			defaultConfigurationName = Release;
		};
/* End XCConfigurationList section */
	};
	rootObject = 5F3119CA152060F700CD0F74 /* Project object */;
}
